{
  "version": 4,
  "terraform_version": "1.10.5",
  "serial": 1,
  "lineage": "3e15a3e3-06f8-fad6-316d-fec7feaceb69",
  "outputs": {},
  "resources": [
    {
      "mode": "managed",
      "type": "spotify_playlist",
      "name": "Tollywood",
      "provider": "provider[\"registry.terraform.io/conradludgate/spotify\"]",
      "instances": [
        {
          "schema_version": 0,
          "attributes": {
            "description": null,
            "id": "441qnS38B3vZrGPQvhGHN1",
            "name": "Tollywood",
            "public": true,
            "snapshot_id": "AAAAAmljJlJgJ4VCwXqrHoR9jXI0uCYn",
            "tracks": [
              "0dnDTvdUco2UbaBjUtPxNS"
            ]
          },
          "sensitive_attributes": [],
          "private": "bnVsbA=="
        }
      ]
    }
  ],
  "check_results": null
}
